
Microsoft Visual Studio Solution File, Format Version 12.00
# Visual Studio Version 17
VisualStudioVersion = 17.11.35327.3
MinimumVisualStudioVersion = 10.0.40219.1
Project("{FAE04EC0-301F-11D3-BF4B-00C04F79EFBC}") = "Car Maintenance Tracker", "Car Maintenance Tracker\Car Maintenance Tracker.csproj", "{3EC25F58-E2F7-4C7A-8567-62C12D345239}"
EndProject
Global
	GlobalSection(SolutionConfigurationPlatforms) = preSolution
		Debug|Any CPU = Debug|Any CPU
		Release|Any CPU = Release|Any CPU
	EndGlobalSection
	GlobalSection(ProjectConfigurationPlatforms) = postSolution
		{3EC25F58-E2F7-4C7A-8567-62C12D345239}.Debug|Any CPU.ActiveCfg = Debug|Any CPU
		{3EC25F58-E2F7-4C7A-8567-62C12D345239}.Debug|Any CPU.Build.0 = Debug|Any CPU
		{3EC25F58-E2F7-4C7A-8567-62C12D345239}.Release|Any CPU.ActiveCfg = Release|Any CPU
		{3EC25F58-E2F7-4C7A-8567-62C12D345239}.Release|Any CPU.Build.0 = Release|Any CPU
	EndGlobalSection
	GlobalSection(SolutionProperties) = preSolution
		HideSolutionNode = FALSE
	EndGlobalSection
	GlobalSection(ExtensibilityGlobals) = postSolution
		SolutionGuid = {BBD56C70-09C4-4655-BFB5-CC4EBF3A594B}
	EndGlobalSection
EndGlobal
